{
  "name": "eldechat",
  "version": "1.0.0",
  "lockfileVersion": 2,
  "requires": true,
  "packages": {
    "": {
      "name": "eldechat",
      "version": "1.0.0",
      "license": "MIT",
      "dependencies": {
        "eldechat": "^1.0.0"
      }
    },
    "node_modules/eldechat": {
      "version": "1.0.0",
      "resolved": "https://registry.npmjs.org/eldechat/-/eldechat-1.0.0.tgz",
      "integrity": "sha512-N346Ph/PgYimftOv2oBw+caMbxOR3vpE7/E76D/G8/YbdL7UswLB8pR2ZdQbKtH8mYjnWRfhn5OYid8k6t+fbg==",
      "license": "MIT"
    }
  },
  "dependencies": {
    "eldechat": {
      "version": "1.0.0",
      "resolved": "https://registry.npmjs.org/eldechat/-/eldechat-1.0.0.tgz",
      "integrity": "sha512-N346Ph/PgYimftOv2oBw+caMbxOR3vpE7/E76D/G8/YbdL7UswLB8pR2ZdQbKtH8mYjnWRfhn5OYid8k6t+fbg=="
    }
  }
}
